
Microsoft Visual Studio Solution File, Format Version 12.00
# Visual Studio Version 17
VisualStudioVersion = 17.4.33213.308
MinimumVisualStudioVersion = 10.0.40219.1
Project("{9A19103F-16F7-4668-BE54-9A1E7A4F7556}") = "Associative Arrays - Lab", "Associative Arrays - Lab\Associative Arrays - Lab.csproj", "{C1224BC2-7E93-425C-97F8-C74CFD205036}"
EndProject
Project("{FAE04EC0-301F-11D3-BF4B-00C04F79EFBC}") = "zad2", "zad2\zad2.csproj", "{DA65B147-897D-4D7C-9521-02E22CD87A8C}"
EndProject
Project("{FAE04EC0-301F-11D3-BF4B-00C04F79EFBC}") = "zad3", "zad3\zad3.csproj", "{4E7FA391-4030-444D-A214-54BDF13FB3F6}"
EndProject
Project("{FAE04EC0-301F-11D3-BF4B-00C04F79EFBC}") = "zad4", "zad4\zad4.csproj", "{6AC028D2-BD32-4AAD-8371-B0D6C1B0FDB7}"
EndProject
Global
	GlobalSection(SolutionConfigurationPlatforms) = preSolution
		Debug|Any CPU = Debug|Any CPU
		Release|Any CPU = Release|Any CPU
	EndGlobalSection
	GlobalSection(ProjectConfigurationPlatforms) = postSolution
		{C1224BC2-7E93-425C-97F8-C74CFD205036}.Debug|Any CPU.ActiveCfg = Debug|Any CPU
		{C1224BC2-7E93-425C-97F8-C74CFD205036}.Debug|Any CPU.Build.0 = Debug|Any CPU
		{C1224BC2-7E93-425C-97F8-C74CFD205036}.Release|Any CPU.ActiveCfg = Release|Any CPU
		{C1224BC2-7E93-425C-97F8-C74CFD205036}.Release|Any CPU.Build.0 = Release|Any CPU
		{DA65B147-897D-4D7C-9521-02E22CD87A8C}.Debug|Any CPU.ActiveCfg = Debug|Any CPU
		{DA65B147-897D-4D7C-9521-02E22CD87A8C}.Debug|Any CPU.Build.0 = Debug|Any CPU
		{DA65B147-897D-4D7C-9521-02E22CD87A8C}.Release|Any CPU.ActiveCfg = Release|Any CPU
		{DA65B147-897D-4D7C-9521-02E22CD87A8C}.Release|Any CPU.Build.0 = Release|Any CPU
		{4E7FA391-4030-444D-A214-54BDF13FB3F6}.Debug|Any CPU.ActiveCfg = Debug|Any CPU
		{4E7FA391-4030-444D-A214-54BDF13FB3F6}.Debug|Any CPU.Build.0 = Debug|Any CPU
		{4E7FA391-4030-444D-A214-54BDF13FB3F6}.Release|Any CPU.ActiveCfg = Release|Any CPU
		{4E7FA391-4030-444D-A214-54BDF13FB3F6}.Release|Any CPU.Build.0 = Release|Any CPU
		{6AC028D2-BD32-4AAD-8371-B0D6C1B0FDB7}.Debug|Any CPU.ActiveCfg = Debug|Any CPU
		{6AC028D2-BD32-4AAD-8371-B0D6C1B0FDB7}.Debug|Any CPU.Build.0 = Debug|Any CPU
		{6AC028D2-BD32-4AAD-8371-B0D6C1B0FDB7}.Release|Any CPU.ActiveCfg = Release|Any CPU
		{6AC028D2-BD32-4AAD-8371-B0D6C1B0FDB7}.Release|Any CPU.Build.0 = Release|Any CPU
	EndGlobalSection
	GlobalSection(SolutionProperties) = preSolution
		HideSolutionNode = FALSE
	EndGlobalSection
	GlobalSection(ExtensibilityGlobals) = postSolution
		SolutionGuid = {D93F6848-AFBB-414C-A45A-EC213984ABE3}
	EndGlobalSection
EndGlobal
