
Microsoft Visual Studio Solution File, Format Version 12.00
# Visual Studio Version 17
VisualStudioVersion = 17.6.33815.320
MinimumVisualStudioVersion = 10.0.40219.1
Project("{9A19103F-16F7-4668-BE54-9A1E7A4F7556}") = "Inheritance - Lab", "Inheritance - Lab\Inheritance - Lab.csproj", "{27FEED2A-644F-43CA-B396-3E8AA13A5864}"
EndProject
Project("{9A19103F-16F7-4668-BE54-9A1E7A4F7556}") = "zad2", "zad2\zad2.csproj", "{5CF26D94-7EEF-4433-B4A8-6F6E1848C27F}"
EndProject
Project("{FAE04EC0-301F-11D3-BF4B-00C04F79EFBC}") = "zad3", "zad3\zad3.csproj", "{1479B2E7-A4B4-4140-8F47-BB8E275F5BD8}"
EndProject
Project("{FAE04EC0-301F-11D3-BF4B-00C04F79EFBC}") = "zad4", "zad4\zad4.csproj", "{9EADFCA9-DBE4-4EF2-A6CC-72478129BCF6}"
EndProject
Project("{FAE04EC0-301F-11D3-BF4B-00C04F79EFBC}") = "zad5", "zad5\zad5.csproj", "{DA031A68-8C25-4BED-BABE-F5520D299824}"
EndProject
Global
	GlobalSection(SolutionConfigurationPlatforms) = preSolution
		Debug|Any CPU = Debug|Any CPU
		Release|Any CPU = Release|Any CPU
	EndGlobalSection
	GlobalSection(ProjectConfigurationPlatforms) = postSolution
		{27FEED2A-644F-43CA-B396-3E8AA13A5864}.Debug|Any CPU.ActiveCfg = Debug|Any CPU
		{27FEED2A-644F-43CA-B396-3E8AA13A5864}.Debug|Any CPU.Build.0 = Debug|Any CPU
		{27FEED2A-644F-43CA-B396-3E8AA13A5864}.Release|Any CPU.ActiveCfg = Release|Any CPU
		{27FEED2A-644F-43CA-B396-3E8AA13A5864}.Release|Any CPU.Build.0 = Release|Any CPU
		{5CF26D94-7EEF-4433-B4A8-6F6E1848C27F}.Debug|Any CPU.ActiveCfg = Debug|Any CPU
		{5CF26D94-7EEF-4433-B4A8-6F6E1848C27F}.Debug|Any CPU.Build.0 = Debug|Any CPU
		{5CF26D94-7EEF-4433-B4A8-6F6E1848C27F}.Release|Any CPU.ActiveCfg = Release|Any CPU
		{5CF26D94-7EEF-4433-B4A8-6F6E1848C27F}.Release|Any CPU.Build.0 = Release|Any CPU
		{1479B2E7-A4B4-4140-8F47-BB8E275F5BD8}.Debug|Any CPU.ActiveCfg = Debug|Any CPU
		{1479B2E7-A4B4-4140-8F47-BB8E275F5BD8}.Debug|Any CPU.Build.0 = Debug|Any CPU
		{1479B2E7-A4B4-4140-8F47-BB8E275F5BD8}.Release|Any CPU.ActiveCfg = Release|Any CPU
		{1479B2E7-A4B4-4140-8F47-BB8E275F5BD8}.Release|Any CPU.Build.0 = Release|Any CPU
		{9EADFCA9-DBE4-4EF2-A6CC-72478129BCF6}.Debug|Any CPU.ActiveCfg = Debug|Any CPU
		{9EADFCA9-DBE4-4EF2-A6CC-72478129BCF6}.Debug|Any CPU.Build.0 = Debug|Any CPU
		{9EADFCA9-DBE4-4EF2-A6CC-72478129BCF6}.Release|Any CPU.ActiveCfg = Release|Any CPU
		{9EADFCA9-DBE4-4EF2-A6CC-72478129BCF6}.Release|Any CPU.Build.0 = Release|Any CPU
		{DA031A68-8C25-4BED-BABE-F5520D299824}.Debug|Any CPU.ActiveCfg = Debug|Any CPU
		{DA031A68-8C25-4BED-BABE-F5520D299824}.Debug|Any CPU.Build.0 = Debug|Any CPU
		{DA031A68-8C25-4BED-BABE-F5520D299824}.Release|Any CPU.ActiveCfg = Release|Any CPU
		{DA031A68-8C25-4BED-BABE-F5520D299824}.Release|Any CPU.Build.0 = Release|Any CPU
	EndGlobalSection
	GlobalSection(SolutionProperties) = preSolution
		HideSolutionNode = FALSE
	EndGlobalSection
	GlobalSection(ExtensibilityGlobals) = postSolution
		SolutionGuid = {52EAF455-9035-48FC-81E0-A424665959DA}
	EndGlobalSection
EndGlobal
