
Microsoft Visual Studio Solution File, Format Version 12.00
# Visual Studio Version 17
VisualStudioVersion = 17.4.33213.308
MinimumVisualStudioVersion = 10.0.40219.1
Project("{9A19103F-16F7-4668-BE54-9A1E7A4F7556}") = "Text Processing - Lab", "Text Processing - Lab\Text Processing - Lab.csproj", "{AA76D1EB-62D0-4A9E-BFEE-FC7A6BEBB036}"
EndProject
Project("{9A19103F-16F7-4668-BE54-9A1E7A4F7556}") = "zad2", "zad2\zad2.csproj", "{0C3B2F99-53D2-4ACE-BB70-8BFC51A9DA76}"
EndProject
Project("{9A19103F-16F7-4668-BE54-9A1E7A4F7556}") = "zad3", "zad3\zad3.csproj", "{D322DDF8-FABA-4728-AE2B-DADB4855C1B8}"
EndProject
Project("{FAE04EC0-301F-11D3-BF4B-00C04F79EFBC}") = "zad4", "zad4\zad4.csproj", "{8C0FC286-6965-4306-ACA5-9ED4CC84E74B}"
EndProject
Project("{FAE04EC0-301F-11D3-BF4B-00C04F79EFBC}") = "zad5", "zad5\zad5.csproj", "{13C422F4-2476-4694-832E-63C21896B7A9}"
EndProject
Global
	GlobalSection(SolutionConfigurationPlatforms) = preSolution
		Debug|Any CPU = Debug|Any CPU
		Release|Any CPU = Release|Any CPU
	EndGlobalSection
	GlobalSection(ProjectConfigurationPlatforms) = postSolution
		{AA76D1EB-62D0-4A9E-BFEE-FC7A6BEBB036}.Debug|Any CPU.ActiveCfg = Debug|Any CPU
		{AA76D1EB-62D0-4A9E-BFEE-FC7A6BEBB036}.Debug|Any CPU.Build.0 = Debug|Any CPU
		{AA76D1EB-62D0-4A9E-BFEE-FC7A6BEBB036}.Release|Any CPU.ActiveCfg = Release|Any CPU
		{AA76D1EB-62D0-4A9E-BFEE-FC7A6BEBB036}.Release|Any CPU.Build.0 = Release|Any CPU
		{0C3B2F99-53D2-4ACE-BB70-8BFC51A9DA76}.Debug|Any CPU.ActiveCfg = Debug|Any CPU
		{0C3B2F99-53D2-4ACE-BB70-8BFC51A9DA76}.Debug|Any CPU.Build.0 = Debug|Any CPU
		{0C3B2F99-53D2-4ACE-BB70-8BFC51A9DA76}.Release|Any CPU.ActiveCfg = Release|Any CPU
		{0C3B2F99-53D2-4ACE-BB70-8BFC51A9DA76}.Release|Any CPU.Build.0 = Release|Any CPU
		{D322DDF8-FABA-4728-AE2B-DADB4855C1B8}.Debug|Any CPU.ActiveCfg = Debug|Any CPU
		{D322DDF8-FABA-4728-AE2B-DADB4855C1B8}.Debug|Any CPU.Build.0 = Debug|Any CPU
		{D322DDF8-FABA-4728-AE2B-DADB4855C1B8}.Release|Any CPU.ActiveCfg = Release|Any CPU
		{D322DDF8-FABA-4728-AE2B-DADB4855C1B8}.Release|Any CPU.Build.0 = Release|Any CPU
		{8C0FC286-6965-4306-ACA5-9ED4CC84E74B}.Debug|Any CPU.ActiveCfg = Debug|Any CPU
		{8C0FC286-6965-4306-ACA5-9ED4CC84E74B}.Debug|Any CPU.Build.0 = Debug|Any CPU
		{8C0FC286-6965-4306-ACA5-9ED4CC84E74B}.Release|Any CPU.ActiveCfg = Release|Any CPU
		{8C0FC286-6965-4306-ACA5-9ED4CC84E74B}.Release|Any CPU.Build.0 = Release|Any CPU
		{13C422F4-2476-4694-832E-63C21896B7A9}.Debug|Any CPU.ActiveCfg = Debug|Any CPU
		{13C422F4-2476-4694-832E-63C21896B7A9}.Debug|Any CPU.Build.0 = Debug|Any CPU
		{13C422F4-2476-4694-832E-63C21896B7A9}.Release|Any CPU.ActiveCfg = Release|Any CPU
		{13C422F4-2476-4694-832E-63C21896B7A9}.Release|Any CPU.Build.0 = Release|Any CPU
	EndGlobalSection
	GlobalSection(SolutionProperties) = preSolution
		HideSolutionNode = FALSE
	EndGlobalSection
	GlobalSection(ExtensibilityGlobals) = postSolution
		SolutionGuid = {A232675B-1145-47ED-A3E0-A8268C0B69EF}
	EndGlobalSection
EndGlobal
